dependencies:
- name: postgresql
  repository: https://tip.jfrog.io/artifactory/tip-wlan-cloud-ucentral-helm/
  version: 10.9.2
- name: mysql
  repository: https://tip.jfrog.io/artifactory/tip-wlan-cloud-ucentral-helm/
  version: 8.8.3
- name: mariadb
  repository: https://tip.jfrog.io/artifactory/tip-wlan-cloud-ucentral-helm/
  version: 9.4.2
- name: kafka
  repository: https://tip.jfrog.io/artifactory/tip-wlan-cloud-ucentral-helm/
  version: 13.0.2
digest: sha256:a7b8f24e8d41abc7c0506c7832daf36dc1034ebbebf72c007cc0952eb6ef41cf
generated: "2023-11-14T18:33:41.695494398-05:00"
